Microsoft Visual Studio Solution File, Format Version 12.00
# Visual Studio 2012
Project("{FAE04EC0-301F-11D3-BF4B-00C04F79EFBC}") = "TicTacToe", "TicTacToe.csproj", "{5004173E-B739-44A2-82C4-DB7911A605CA}"
EndProject
Global
	GlobalSection(SolutionConfigurationPlatforms) = preSolution
	Debug|Any CPU = Debug|Any CPU
	ExportDebug|Any CPU = ExportDebug|Any CPU
	ExportRelease|Any CPU = ExportRelease|Any CPU
	EndGlobalSection
	GlobalSection(ProjectConfigurationPlatforms) = postSolution
		{5004173E-B739-44A2-82C4-DB7911A605CA}.Debug|Any CPU.ActiveCfg = Debug|Any CPU
		{5004173E-B739-44A2-82C4-DB7911A605CA}.Debug|Any CPU.Build.0 = Debug|Any CPU
		{5004173E-B739-44A2-82C4-DB7911A605CA}.ExportDebug|Any CPU.ActiveCfg = ExportDebug|Any CPU
		{5004173E-B739-44A2-82C4-DB7911A605CA}.ExportDebug|Any CPU.Build.0 = ExportDebug|Any CPU
		{5004173E-B739-44A2-82C4-DB7911A605CA}.ExportRelease|Any CPU.ActiveCfg = ExportRelease|Any CPU
		{5004173E-B739-44A2-82C4-DB7911A605CA}.ExportRelease|Any CPU.Build.0 = ExportRelease|Any CPU
	EndGlobalSection
EndGlobal
